
Microsoft Visual Studio Solution File, Format Version 12.00
# Visual Studio Version 17
VisualStudioVersion = 17.3.32819.101
MinimumVisualStudioVersion = 10.0.40219.1
Project("{888888A0-9F3D-457C-B088-3A5042F75D52}") = "prime number checker py1", "prime number checker py1\prime number checker py1.pyproj", "{E5A819D0-DF45-486A-8D78-74665B565C02}"
EndProject
Global
	GlobalSection(SolutionConfigurationPlatforms) = preSolution
		Debug|Any CPU = Debug|Any CPU
		Release|Any CPU = Release|Any CPU
	EndGlobalSection
	GlobalSection(ProjectConfigurationPlatforms) = postSolution
		{E5A819D0-DF45-486A-8D78-74665B565C02}.Debug|Any CPU.ActiveCfg = Debug|Any CPU
		{E5A819D0-DF45-486A-8D78-74665B565C02}.Release|Any CPU.ActiveCfg = Release|Any CPU
	EndGlobalSection
	GlobalSection(SolutionProperties) = preSolution
		HideSolutionNode = FALSE
	EndGlobalSection
	GlobalSection(ExtensibilityGlobals) = postSolution
		SolutionGuid = {4A0647C4-E03A-432C-81F0-6C9497C439A3}
	EndGlobalSection
EndGlobal
